{
  "version": 4,
  "terraform_version": "1.3.9",
  "serial": 5,
  "lineage": "55e008db-30c8-4d7b-2937-6762e8690b95",
  "outputs": {},
  "resources": [
    {
      "mode": "managed",
      "type": "google_compute_firewall",
      "name": "tf_firewall_1",
      "provider": "provider[\"registry.terraform.io/hashicorp/google\"]",
      "instances": [
        {
          "schema_version": 1,
          "attributes": {
            "allow": [
              {
                "ports": [
                  "22",
                  "80"
                ],
                "protocol": "tcp"
              },
              {
                "ports": [],
                "protocol": "icmp"
              }
            ],
            "creation_timestamp": "2023-03-26T09:04:45.604-07:00",
            "deny": [],
            "description": "",
            "destination_ranges": [],
            "direction": "INGRESS",
            "disabled": false,
            "enable_logging": null,
            "id": "projects/gke-training-377619/global/firewalls/gke-firewall",
            "log_config": [],
            "name": "gke-firewall",
            "network": "https://www.googleapis.com/compute/v1/projects/gke-training-377619/global/networks/gke-network",
            "priority": 1000,
            "project": "gke-training-377619",
            "self_link": "https://www.googleapis.com/compute/v1/projects/gke-training-377619/global/firewalls/gke-firewall",
            "source_ranges": [
              "0.0.0.0/0"
            ],
            "source_service_accounts": null,
            "source_tags": null,
            "target_service_accounts": null,
            "target_tags": null,
            "timeouts": null
          },
          "sensitive_attributes": [],
          "private": "eyJlMmJmYjczMC1lY2FhLTExZTYtOGY4OC0zNDM2M2JjN2M0YzAiOnsiY3JlYXRlIjoxMjAwMDAwMDAwMDAwLCJkZWxldGUiOjEyMDAwMDAwMDAwMDAsInVwZGF0ZSI6MTIwMDAwMDAwMDAwMH0sInNjaGVtYV92ZXJzaW9uIjoiMSJ9",
          "dependencies": [
            "google_compute_network.tf_custom_network"
          ]
        }
      ]
    },
    {
      "mode": "managed",
      "type": "google_compute_network",
      "name": "tf_custom_network",
      "provider": "provider[\"registry.terraform.io/hashicorp/google\"]",
      "instances": [
        {
          "schema_version": 0,
          "attributes": {
            "auto_create_subnetworks": false,
            "delete_default_routes_on_create": false,
            "description": "",
            "enable_ula_internal_ipv6": false,
            "gateway_ipv4": "",
            "id": "projects/gke-training-377619/global/networks/gke-network",
            "internal_ipv6_range": "",
            "mtu": 0,
            "name": "gke-network",
            "project": "gke-training-377619",
            "routing_mode": "REGIONAL",
            "self_link": "https://www.googleapis.com/compute/v1/projects/gke-training-377619/global/networks/gke-network",
            "timeouts": null
          },
          "sensitive_attributes": [],
          "private": "eyJlMmJmYjczMC1lY2FhLTExZTYtOGY4OC0zNDM2M2JjN2M0YzAiOnsiY3JlYXRlIjoxMjAwMDAwMDAwMDAwLCJkZWxldGUiOjEyMDAwMDAwMDAwMDAsInVwZGF0ZSI6MTIwMDAwMDAwMDAwMH19"
        }
      ]
    },
    {
      "mode": "managed",
      "type": "google_compute_subnetwork",
      "name": "tf_custom_subnetwork",
      "provider": "provider[\"registry.terraform.io/hashicorp/google\"]",
      "instances": [
        {
          "schema_version": 0,
          "attributes": {
            "creation_timestamp": "2023-03-26T09:04:46.796-07:00",
            "description": "",
            "external_ipv6_prefix": "",
            "fingerprint": null,
            "gateway_address": "10.0.1.1",
            "id": "projects/gke-training-377619/regions/us-central1/subnetworks/gke-subnet-a",
            "ip_cidr_range": "10.0.1.0/24",
            "ipv6_access_type": "",
            "ipv6_cidr_range": "",
            "log_config": [],
            "name": "gke-subnet-a",
            "network": "https://www.googleapis.com/compute/v1/projects/gke-training-377619/global/networks/gke-network",
            "private_ip_google_access": false,
            "private_ipv6_google_access": "DISABLE_GOOGLE_ACCESS",
            "project": "gke-training-377619",
            "purpose": "PRIVATE",
            "region": "us-central1",
            "role": "",
            "secondary_ip_range": [
              {
                "ip_cidr_range": "172.16.0.0/18",
                "range_name": "pod-network"
              },
              {
                "ip_cidr_range": "172.16.64.0/20",
                "range_name": "service-network"
              }
            ],
            "self_link": "https://www.googleapis.com/compute/v1/projects/gke-training-377619/regions/us-central1/subnetworks/gke-subnet-a",
            "stack_type": "IPV4_ONLY",
            "timeouts": null
          },
          "sensitive_attributes": [],
          "private": "eyJlMmJmYjczMC1lY2FhLTExZTYtOGY4OC0zNDM2M2JjN2M0YzAiOnsiY3JlYXRlIjoxMjAwMDAwMDAwMDAwLCJkZWxldGUiOjEyMDAwMDAwMDAwMDAsInVwZGF0ZSI6MTIwMDAwMDAwMDAwMH19",
          "dependencies": [
            "google_compute_network.tf_custom_network"
          ]
        }
      ]
    },
    {
      "mode": "managed",
      "type": "google_container_cluster",
      "name": "tf_cluster",
      "provider": "provider[\"registry.terraform.io/hashicorp/google\"]",
      "instances": [
        {
          "schema_version": 1,
          "attributes": {
            "addons_config": [
              {
                "cloudrun_config": [],
                "config_connector_config": [],
                "dns_cache_config": [],
                "gce_persistent_disk_csi_driver_config": [
                  {
                    "enabled": true
                  }
                ],
                "gcp_filestore_csi_driver_config": [],
                "gke_backup_agent_config": [],
                "horizontal_pod_autoscaling": [],
                "http_load_balancing": [],
                "network_policy_config": [
                  {
                    "disabled": false
                  }
                ]
              }
            ],
            "authenticator_groups_config": [],
            "binary_authorization": [
              {
                "enabled": false,
                "evaluation_mode": ""
              }
            ],
            "cluster_autoscaling": [
              {
                "auto_provisioning_defaults": [],
                "enabled": false,
                "resource_limits": []
              }
            ],
            "cluster_ipv4_cidr": "172.16.0.0/18",
            "confidential_nodes": [],
            "cost_management_config": [],
            "database_encryption": [
              {
                "key_name": "",
                "state": "DECRYPTED"
              }
            ],
            "datapath_provider": "",
            "default_max_pods_per_node": 110,
            "default_snat_status": [
              {
                "disabled": false
              }
            ],
            "description": "",
            "dns_config": [],
            "enable_autopilot": false,
            "enable_binary_authorization": false,
            "enable_intranode_visibility": false,
            "enable_kubernetes_alpha": false,
            "enable_l4_ilb_subsetting": false,
            "enable_legacy_abac": false,
            "enable_shielded_nodes": true,
            "enable_tpu": false,
            "endpoint": "35.224.144.232",
            "gateway_api_config": [],
            "id": "projects/gke-training-377619/locations/us-central1-a/clusters/poc-cluster",
            "initial_node_count": 0,
            "ip_allocation_policy": [
              {
                "cluster_ipv4_cidr_block": "172.16.0.0/18",
                "cluster_secondary_range_name": "pod-network",
                "services_ipv4_cidr_block": "172.16.64.0/20",
                "services_secondary_range_name": "service-network"
              }
            ],
            "label_fingerprint": "a9dc16a7",
            "location": "us-central1-a",
            "logging_config": [
              {
                "enable_components": [
                  "SYSTEM_COMPONENTS",
                  "WORKLOADS"
                ]
              }
            ],
            "logging_service": "logging.googleapis.com/kubernetes",
            "maintenance_policy": [],
            "master_auth": [
              {
                "client_certificate": "",
                "client_certificate_config": [
                  {
                    "issue_client_certificate": false
                  }
                ],
                "client_key": "",
                "cluster_ca_certificate": "LS0tLS1CRUdJTiBDRVJUSUZJQ0FURS0tLS0tCk1JSUVMRENDQXBTZ0F3SUJBZ0lRTWc0cmR2L2ZwV1ZiVFpxYmZYbDg4VEFOQmdrcWhraUc5dzBCQVFzRkFEQXYKTVMwd0t3WURWUVFERXlSa05HWTBZMkZtTXkwd05qVmtMVFJpTVRJdFltSTJZeTFrTVdJMFkySTFZelU1WldFdwpJQmNOTWpNd016STJNVFV3TlRFMFdoZ1BNakExTXpBek1UZ3hOakExTVRSYU1DOHhMVEFyQmdOVkJBTVRKR1EwClpqUmpZV1l6TFRBMk5XUXROR0l4TWkxaVlqWmpMV1F4WWpSallqVmpOVGxsWVRDQ0FhSXdEUVlKS29aSWh2Y04KQVFFQkJRQURnZ0dQQURDQ0FZb0NnZ0dCQUsxYThiQkNQTEE1RjBqSjUyeTd5ci8zYWJCUWdkRGFJTzFxOXhZWApwZWI3SDh5M1F1QjdzcFlibWprbmlrNDBabFA5cTRac0NhRmt5QzEwcm5uUVRCNlV6aFlzQzJmUHYrbnZyNFJUClo1WjA2L2xkNVVGVkx3SU5oUFNpajNmWEozWW9mRkFxZ0ZYbmFBbG05WTd0dE9MMU5zMVY2OGhWK2tkM1B5eUkKUjZrOCtsR2w4eWxacXk5Ujh4VC9DeUg3elFSL2xCM0xteXpVRGZyTklpOWhvamFnMnlab0llOXlaNWYvMnVzZwpyM011RDJUNFFwNkFEaDllN29vb0EwZXllUUNYVVBkbVZJOG9QU29zZU05MXhHaEczU1NPSjFRTkhWWUtzMHYrCmkvbzFlK0F2bHNqNitlNWFPTEhlQWpQeDRxNGc5dkFDUnBXeVN5d3ZrRGRaRFcyWGs4U1VUTlZYUm1aZUJad3oKYjI2SmFrUWpVWDRUcVIxNExnZGYxcmV4YXdRV3NsbEJmMGo2Lzl1WWpEWXQ0Y0V2K2RQK2taRE5reFdDcjhDZQpLZUtKT1ZxTnBFektQQ3BRUUk3OUVnUTRaL0FzcWNHNFlUdTliVk9HZ0JrNyt6Vk52NSt1Q2hYeWlOSHRMMy9DCkpHR2ZHSEFEeXY1VEpIMGpIclBGTDRvK0dRSURBUUFCbzBJd1FEQU9CZ05WSFE4QkFmOEVCQU1DQWdRd0R3WUQKVlIwVEFRSC9CQVV3QXdFQi96QWRCZ05WSFE0RUZnUVVFRzc1NjMxS2lMNFllOXJNY2x1em9aQWVPbEl3RFFZSgpLb1pJaHZjTkFRRUxCUUFEZ2dHQkFDR20wdS94MU80UGY1aEVSN093TFF6MVY2SXQrUFhJVDcwZ2gwT1VNNVcvCkhDS0hnWXBwb001Rkhqb1orMVJlTnJ0S2NTTkNCaUVGUkc4cXFEYlpyWmVJQXM5dVdQNnFVNXI1aGlBNWRTbUMKTFEyOTZKUzU4R3ZaU2YwV0NIQ0plVjF2dzZPOGhSLy9nR1M0OUJta3VYenV3UkRvV0dnaVZqTjhlZEExR041UAp4aDJnZTdwZmdudmZySG1STWZ4MEl2MUpuTVVRTzJrNG9FaHlxUnYvZnRhVG8xQTAxajZCdE96WENNTFpwRE9zCm01R0pxemprdUtCZ1h5MldWZ0pSdnBMRnc3QUZSVXNIaHk3NTRpazVjeFcyZE0zNS9QRDJqMXdSY3Npcm5WV24KcUh3VUhKb2ptNkZjck1jY0ErZ2tka1o2RkpmY0IxQzU3S3VEVVZxbTgwZkdCUTNJUGhIcnRzZXMvMGhMdGFhYgphWnY0MUNreWxabTFuWEg1eEY3WjR0QUEybGpUMmRZWFUvWVNob1FoR0R4UXlDT2psR3o4cFJwdC84TWZFSU1JCmRhdTFhQjl2TWtuMGZxY0RWOEp1b1k3NGZMOC94NXRXdWs0WTYxakNjdmtGdnVGemVUK2tXWTE0Tm91K0IzSisKUVdOYUxjbnNwUDlNRnJqbkg0K2cvUT09Ci0tLS0tRU5EIENFUlRJRklDQVRFLS0tLS0K"
              }
            ],
            "master_authorized_networks_config": [],
            "master_version": "1.24.9-gke.3200",
            "mesh_certificates": [],
            "min_master_version": null,
            "monitoring_config": [
              {
                "enable_components": [
                  "SYSTEM_COMPONENTS"
                ],
                "managed_prometheus": []
              }
            ],
            "monitoring_service": "monitoring.googleapis.com/kubernetes",
            "name": "poc-cluster",
            "network": "projects/gke-training-377619/global/networks/gke-network",
            "network_policy": [
              {
                "enabled": true,
                "provider": "CALICO"
              }
            ],
            "networking_mode": "VPC_NATIVE",
            "node_config": [
              {
                "boot_disk_kms_key": "",
                "disk_size_gb": 50,
                "disk_type": "pd-balanced",
                "gcfs_config": [],
                "guest_accelerator": [],
                "gvnic": [],
                "image_type": "COS_CONTAINERD",
                "kubelet_config": [],
                "labels": {},
                "linux_node_config": [],
                "local_ssd_count": 0,
                "logging_variant": "DEFAULT",
                "machine_type": "e2-small",
                "metadata": {
                  "disable-legacy-endpoints": "true"
                },
                "min_cpu_platform": "",
                "node_group": "",
                "oauth_scopes": [
                  "https://www.googleapis.com/auth/devstorage.read_only",
                  "https://www.googleapis.com/auth/logging.write",
                  "https://www.googleapis.com/auth/monitoring",
                  "https://www.googleapis.com/auth/service.management.readonly",
                  "https://www.googleapis.com/auth/servicecontrol",
                  "https://www.googleapis.com/auth/trace.append"
                ],
                "preemptible": false,
                "reservation_affinity": [],
                "resource_labels": {},
                "service_account": "default",
                "shielded_instance_config": [
                  {
                    "enable_integrity_monitoring": true,
                    "enable_secure_boot": false
                  }
                ],
                "spot": false,
                "tags": [],
                "taint": [],
                "workload_metadata_config": []
              }
            ],
            "node_locations": [],
            "node_pool": [
              {
                "autoscaling": [],
                "initial_node_count": 3,
                "instance_group_urls": [
                  "https://www.googleapis.com/compute/v1/projects/gke-training-377619/zones/us-central1-a/instanceGroupManagers/gke-poc-cluster-gke-pool-a604a4c9-grp"
                ],
                "managed_instance_group_urls": [
                  "https://www.googleapis.com/compute/v1/projects/gke-training-377619/zones/us-central1-a/instanceGroups/gke-poc-cluster-gke-pool-a604a4c9-grp"
                ],
                "management": [
                  {
                    "auto_repair": true,
                    "auto_upgrade": true
                  }
                ],
                "max_pods_per_node": 110,
                "name": "gke-pool",
                "name_prefix": "",
                "network_config": [
                  {
                    "create_pod_range": false,
                    "enable_private_nodes": false,
                    "pod_ipv4_cidr_block": "172.16.0.0/18",
                    "pod_range": "pod-network"
                  }
                ],
                "node_config": [
                  {
                    "boot_disk_kms_key": "",
                    "disk_size_gb": 50,
                    "disk_type": "pd-balanced",
                    "gcfs_config": [],
                    "guest_accelerator": [],
                    "gvnic": [],
                    "image_type": "COS_CONTAINERD",
                    "kubelet_config": [],
                    "labels": {},
                    "linux_node_config": [],
                    "local_ssd_count": 0,
                    "logging_variant": "DEFAULT",
                    "machine_type": "e2-small",
                    "metadata": {
                      "disable-legacy-endpoints": "true"
                    },
                    "min_cpu_platform": "",
                    "node_group": "",
                    "oauth_scopes": [
                      "https://www.googleapis.com/auth/devstorage.read_only",
                      "https://www.googleapis.com/auth/logging.write",
                      "https://www.googleapis.com/auth/monitoring",
                      "https://www.googleapis.com/auth/service.management.readonly",
                      "https://www.googleapis.com/auth/servicecontrol",
                      "https://www.googleapis.com/auth/trace.append"
                    ],
                    "preemptible": false,
                    "reservation_affinity": [],
                    "resource_labels": null,
                    "service_account": "default",
                    "shielded_instance_config": [
                      {
                        "enable_integrity_monitoring": true,
                        "enable_secure_boot": false
                      }
                    ],
                    "spot": false,
                    "tags": null,
                    "taint": [],
                    "workload_metadata_config": []
                  }
                ],
                "node_count": 3,
                "node_locations": [
                  "us-central1-a"
                ],
                "placement_policy": [],
                "upgrade_settings": [
                  {
                    "blue_green_settings": [],
                    "max_surge": 1,
                    "max_unavailable": 0,
                    "strategy": "SURGE"
                  }
                ],
                "version": "1.24.9-gke.3200"
              }
            ],
            "node_pool_defaults": [
              {
                "node_config_defaults": [
                  {
                    "logging_variant": "DEFAULT"
                  }
                ]
              }
            ],
            "node_version": "1.24.9-gke.3200",
            "notification_config": [
              {
                "pubsub": [
                  {
                    "enabled": false,
                    "filter": [],
                    "topic": ""
                  }
                ]
              }
            ],
            "operation": null,
            "private_cluster_config": [
              {
                "enable_private_endpoint": false,
                "enable_private_nodes": true,
                "master_global_access_config": [
                  {
                    "enabled": false
                  }
                ],
                "master_ipv4_cidr_block": "10.0.5.0/28",
                "peering_name": "gke-nc03b38bab83e8a2425b-cbaa-c55c-peer",
                "private_endpoint": "10.0.5.2",
                "private_endpoint_subnetwork": "",
                "public_endpoint": "35.224.144.232"
              }
            ],
            "private_ipv6_google_access": "",
            "project": "gke-training-377619",
            "release_channel": [
              {
                "channel": "REGULAR"
              }
            ],
            "remove_default_node_pool": null,
            "resource_labels": null,
            "resource_usage_export_config": [],
            "self_link": "https://container.googleapis.com/v1/projects/gke-training-377619/zones/us-central1-a/clusters/poc-cluster",
            "service_external_ips_config": [
              {
                "enabled": false
              }
            ],
            "services_ipv4_cidr": "172.16.64.0/20",
            "subnetwork": "projects/gke-training-377619/regions/us-central1/subnetworks/gke-subnet-a",
            "timeouts": null,
            "tpu_ipv4_cidr_block": "",
            "vertical_pod_autoscaling": [],
            "workload_identity_config": []
          },
          "sensitive_attributes": [],
          "private": "eyJlMmJmYjczMC1lY2FhLTExZTYtOGY4OC0zNDM2M2JjN2M0YzAiOnsiY3JlYXRlIjoyNDAwMDAwMDAwMDAwLCJkZWxldGUiOjI0MDAwMDAwMDAwMDAsInJlYWQiOjI0MDAwMDAwMDAwMDAsInVwZGF0ZSI6MzYwMDAwMDAwMDAwMH0sInNjaGVtYV92ZXJzaW9uIjoiMSJ9",
          "dependencies": [
            "google_compute_network.tf_custom_network",
            "google_compute_subnetwork.tf_custom_subnetwork"
          ]
        }
      ]
    }
  ],
  "check_results": null
}
